Microsoft Visual Studio Solution File, Format Version 12.00

VisualStudioVersion = 17.13.35931.197 d17.13
# Version spécifique de Visual Studio utilisée pour cette solution (VS 2022 version 17.13)

MinimumVisualStudioVersion = 10.0.40219.1
# Version minimale de Visual Studio requise (ici, VS 2010)

Project("{FAE04EC0-301F-11D3-BF4B-00C04F79EFBC}") = "EasySave", "EasySave.csproj", "{8D02ECEF-D0A3-FCC1-6C96-D4952AFC1DE8}"
# Déclaration d'un projet C# (GUID de type projet C#)
# "EasySave" est le nom du projet tel qu’il apparaîtra dans Visual Studio
# "EasySave.csproj" est le chemin vers le fichier projet
# Le dernier GUID est l’identifiant unique de ce projet dans la solution
EndProject

Global
	GlobalSection(SolutionConfigurationPlatforms) = preSolution
		# Définition des configurations disponibles pour la solution entière
		Debug|Any CPU = Debug|Any CPU
		# Configuration de débogage pour toutes les plateformes
		Release|Any CPU = Release|Any CPU
		# Configuration de production pour toutes les plateformes
	EndGlobalSection

	GlobalSection(ProjectConfigurationPlatforms) = postSolution
		# Liens entre chaque configuration de projet et la solution
		{8D02ECEF-D0A3-FCC1-6C96-D4952AFC1DE8}.Debug|Any CPU.ActiveCfg = Debug|Any CPU
		# Configuration active du projet en mode Debug
		{8D02ECEF-D0A3-FCC1-6C96-D4952AFC1DE8}.Debug|Any CPU.Build.0 = Debug|Any CPU
		# Le projet sera compilé en mode Debug
		{8D02ECEF-D0A3-FCC1-6C96-D4952AFC1DE8}.Release|Any CPU.ActiveCfg = Release|Any CPU
		# Configuration active du projet en mode Release
		{8D02ECEF-D0A3-FCC1-6C96-D4952AFC1DE8}.Release|Any CPU.Build.0 = Release|Any CPU
		# Le projet sera compilé en mode Release
	EndGlobalSection

	GlobalSection(SolutionProperties) = preSolution
		HideSolutionNode = FALSE
		# FALSE signifie que le nœud "Solution" sera visible dans l'explorateur de solution
	EndGlobalSection

	GlobalSection(ExtensibilityGlobals) = postSolution
		SolutionGuid = {62ABD23F-DCA4-425C-8E75-25B5F42A64B5}
		# Identifiant unique de la solution (utile pour les outils et extensions)
	EndGlobalSection
EndGlobal

